
Microsoft Visual Studio Solution File, Format Version 12.00
# Visual Studio Version 16
VisualStudioVersion = 16.0.31624.102
MinimumVisualStudioVersion = 10.0.40219.1
Project("{9A19103F-16F7-4668-BE54-9A1E7A4F7556}") = "AspNetSandbox", "AspNetSandbox.csproj", "{C6CB6E98-ED80-4479-AA2C-5CE2C695C761}"
EndProject
Project("{9A19103F-16F7-4668-BE54-9A1E7A4F7556}") = "TestProject1", "TestProject1\TestProject1.csproj", "{566775BE-5ED0-41C5-AF5E-CA69CFF75613}"
	ProjectSection(ProjectDependencies) = postProject
		{C6CB6E98-ED80-4479-AA2C-5CE2C695C761} = {C6CB6E98-ED80-4479-AA2C-5CE2C695C761}
	EndProjectSection
EndProject
Project("{FAE04EC0-301F-11D3-BF4B-00C04F79EFBC}") = "AspNetSandbox.TestCoord", "..\AspNetSandbox.TestCoord\AspNetSandbox.TestCoord.csproj", "{19F50157-90C3-451F-A9FA-436268FCC873}"
EndProject
Global
	GlobalSection(SolutionConfigurationPlatforms) = preSolution
		Debug|Any CPU = Debug|Any CPU
		Release|Any CPU = Release|Any CPU
	EndGlobalSection
	GlobalSection(ProjectConfigurationPlatforms) = postSolution
		{C6CB6E98-ED80-4479-AA2C-5CE2C695C761}.Debug|Any CPU.ActiveCfg = Debug|Any CPU
		{C6CB6E98-ED80-4479-AA2C-5CE2C695C761}.Debug|Any CPU.Build.0 = Debug|Any CPU
		{C6CB6E98-ED80-4479-AA2C-5CE2C695C761}.Release|Any CPU.ActiveCfg = Release|Any CPU
		{C6CB6E98-ED80-4479-AA2C-5CE2C695C761}.Release|Any CPU.Build.0 = Release|Any CPU
		{566775BE-5ED0-41C5-AF5E-CA69CFF75613}.Debug|Any CPU.ActiveCfg = Debug|Any CPU
		{566775BE-5ED0-41C5-AF5E-CA69CFF75613}.Debug|Any CPU.Build.0 = Debug|Any CPU
		{566775BE-5ED0-41C5-AF5E-CA69CFF75613}.Release|Any CPU.ActiveCfg = Release|Any CPU
		{566775BE-5ED0-41C5-AF5E-CA69CFF75613}.Release|Any CPU.Build.0 = Release|Any CPU
		{19F50157-90C3-451F-A9FA-436268FCC873}.Debug|Any CPU.ActiveCfg = Debug|Any CPU
		{19F50157-90C3-451F-A9FA-436268FCC873}.Debug|Any CPU.Build.0 = Debug|Any CPU
		{19F50157-90C3-451F-A9FA-436268FCC873}.Release|Any CPU.ActiveCfg = Release|Any CPU
		{19F50157-90C3-451F-A9FA-436268FCC873}.Release|Any CPU.Build.0 = Release|Any CPU
	EndGlobalSection
	GlobalSection(SolutionProperties) = preSolution
		HideSolutionNode = FALSE
	EndGlobalSection
	GlobalSection(ExtensibilityGlobals) = postSolution
		SolutionGuid = {4AD8B9E2-9EEC-4A48-BC5C-9671EA39A694}
	EndGlobalSection
EndGlobal
